<?xml version="1.0" encoding="utf-8"?>
<Project ToolsVersion="4.0" xmlns="http://schemas.microsoft.com/developer/msbuild/2003">
  <ItemGroup>
    <ClInclude Include="..\..\Src\Main.h" />
    <ClInclude Include="..\..\Src\World\Entity.h">
      <Filter>World</Filter>
    </ClInclude>
    <ClInclude Include="..\..\Src\World\World.h">
      <Filter>World</Filter>
    </ClInclude>
    <ClInclude Include="..\..\Src\System\Window.h">
      <Filter>System</Filter>
    </ClInclude>
    <ClInclude Include="..\..\Src\System\Input.h">
      <Filter>System</Filter>
    </ClInclude>
    <ClInclude Include="..\..\Src\System\VideoSettings.h">
      <Filter>System</Filter>
    </ClInclude>
    <ClInclude Include="..\..\Src\Constants.h" />
    <ClInclude Include="..\..\Src\World\MovingEntity.h">
      <Filter>World</Filter>
    </ClInclude>
    <ClInclude Include="..\..\Src\World\Vehicle.h">
      <Filter>World</Filter>
    </ClInclude>
    <ClInclude Include="..\..\Src\World\SteeringBehavior.h">
      <Filter>World</Filter>
    </ClInclude>
    <ClInclude Include="..\..\Src\System\HML.h">
      <Filter>System</Filter>
    </ClInclude>
    <ClInclude Include="..\..\Src\System\String.h">
      <Filter>System</Filter>
    </ClInclude>
    <ClInclude Include="..\..\Src\System\Utility.h">
      <Filter>System</Filter>
    </ClInclude>
    <ClInclude Include="..\..\Src\System\Shape\Shape.h">
      <Filter>System\Shape</Filter>
    </ClInclude>
    <ClInclude Include="..\..\Src\System\Shape\Rectangle.h">
      <Filter>System\Shape</Filter>
    </ClInclude>
    <ClInclude Include="..\..\Src\Utility\Vector2D.h">
      <Filter>Utility</Filter>
    </ClInclude>
    <ClInclude Include="..\..\Src\Utility\Path.h">
      <Filter>Utility</Filter>
    </ClInclude>
    <ClInclude Include="..\..\Src\Utility\MatrixC2D.h">
      <Filter>Utility</Filter>
    </ClInclude>
    <ClInclude Include="..\..\Src\Utility\Transformation.h">
      <Filter>Utility</Filter>
    </ClInclude>
    <ClInclude Include="..\..\Src\World\Obstacle.h">
      <Filter>World</Filter>
    </ClInclude>
    <ClInclude Include="..\..\Src\System\PrecisionTimer.h">
      <Filter>System</Filter>
    </ClInclude>
    <ClInclude Include="..\..\Src\Utility\Geometry.h">
      <Filter>Utility</Filter>
    </ClInclude>
    <ClInclude Include="..\..\Src\System\Smoother.h">
      <Filter>System</Filter>
    </ClInclude>
    <ClInclude Include="..\..\Src\Utility\Wall2D.h">
      <Filter>Utility</Filter>
    </ClInclude>
    <ClInclude Include="..\..\Src\System\StreamUtilityFunctions.h">
      <Filter>System</Filter>
    </ClInclude>
    <ClInclude Include="..\..\Src\System\IniFileLoaderBase.h">
      <Filter>System</Filter>
    </ClInclude>
    <ClInclude Include="..\..\Src\World\EntityFunctionTemplates.h">
      <Filter>World</Filter>
    </ClInclude>
    <ClInclude Include="..\..\Src\Utility\InvertedAABBox2D.h">
      <Filter>Utility</Filter>
    </ClInclude>
  </ItemGroup>
  <ItemGroup>
    <ClCompile Include="..\..\Src\Main.cpp" />
    <ClCompile Include="..\..\Src\World\Entity.cpp">
      <Filter>World</Filter>
    </ClCompile>
    <ClCompile Include="..\..\Src\World\World.cpp">
      <Filter>World</Filter>
    </ClCompile>
    <ClCompile Include="..\..\Src\System\Window.cpp">
      <Filter>System</Filter>
    </ClCompile>
    <ClCompile Include="..\..\Src\System\Input.cpp">
      <Filter>System</Filter>
    </ClCompile>
    <ClCompile Include="..\..\Src\World\MovingEntity.cpp">
      <Filter>World</Filter>
    </ClCompile>
    <ClCompile Include="..\..\Src\World\Vehicle.cpp">
      <Filter>World</Filter>
    </ClCompile>
    <ClCompile Include="..\..\Src\World\SteeringBehavior.cpp">
      <Filter>World</Filter>
    </ClCompile>
    <ClCompile Include="..\..\Src\System\HML.cpp">
      <Filter>System</Filter>
    </ClCompile>
    <ClCompile Include="..\..\Src\System\String.cpp">
      <Filter>System</Filter>
    </ClCompile>
    <ClCompile Include="..\..\Src\System\Utility.cpp">
      <Filter>System</Filter>
    </ClCompile>
    <ClCompile Include="..\..\Src\Utility\Path.cpp">
      <Filter>Utility</Filter>
    </ClCompile>
    <ClCompile Include="..\..\Src\Utility\MatrixC2D.cpp">
      <Filter>Utility</Filter>
    </ClCompile>
    <ClCompile Include="..\..\Src\Utility\Transformation.cpp">
      <Filter>Utility</Filter>
    </ClCompile>
    <ClCompile Include="..\..\Src\World\Obstacle.cpp">
      <Filter>World</Filter>
    </ClCompile>
    <ClCompile Include="..\..\Src\System\PrecisionTimer.cpp">
      <Filter>System</Filter>
    </ClCompile>
    <ClCompile Include="..\..\Src\Utility\Wall2D.cpp">
      <Filter>Utility</Filter>
    </ClCompile>
    <ClCompile Include="..\..\Src\System\IniFileLoaderBase.cpp">
      <Filter>System</Filter>
    </ClCompile>
  </ItemGroup>
  <ItemGroup>
    <Filter Include="World">
      <UniqueIdentifier>{877dfb6b-8675-43d7-94ee-00c9b321e882}</UniqueIdentifier>
    </Filter>
    <Filter Include="System">
      <UniqueIdentifier>{a8fd449c-f881-4f7e-a4e1-083e405c4356}</UniqueIdentifier>
    </Filter>
    <Filter Include="System\Shape">
      <UniqueIdentifier>{b55ff101-377b-4b70-9631-76e3233e4345}</UniqueIdentifier>
    </Filter>
    <Filter Include="Utility">
      <UniqueIdentifier>{37818359-e25a-43ff-8475-9d5e575b0ab2}</UniqueIdentifier>
    </Filter>
  </ItemGroup>
</Project>